PODS:
  - LXCShow (1.0.2):
    - Masonry (~> 1.1.0)
    - SDWebImage (~> 4.3.3)
  - Masonry (1.1.0)
  - SDWebImage (4.3.3):
    - SDWebImage/Core (= 4.3.3)
  - SDWebImage/Core (4.3.3)

DEPENDENCIES:
  - LXCShow (from `../`)

SPEC REPOS:
  https://github.com/CocoaPods/Specs.git:
    - Masonry
    - SDWebImage

EXTERNAL SOURCES:
  LXCShow:
    :path: "../"

SPEC CHECKSUMS:
  LXCShow: c23626141954ebd2366a20f5172028ca7e4d3ed7
  Masonry: 678fab65091a9290e40e2832a55e7ab731aad201
  SDWebImage: de4d90b5bff3571eae7bd16202b1f43135409fa5

PODFILE CHECKSUM: 5cc935db129680f132bfb723248fca74f7a75ffa

COCOAPODS: 1.5.0
